
Microsoft Visual Studio Solution File, Format Version 12.00
# Visual Studio Version 17
VisualStudioVersion = 17.5.33627.172
MinimumVisualStudioVersion = 10.0.40219.1
Project("{FAE04EC0-301F-11D3-BF4B-00C04F79EFBC}") = "cherry-pick_test1", "cherry-pick_test1\cherry-pick_test1.csproj", "{982CBCB3-E986-4B26-80E0-88206F607C39}"
EndProject
Global
	GlobalSection(SolutionConfigurationPlatforms) = preSolution
		Debug|Any CPU = Debug|Any CPU
		Release|Any CPU = Release|Any CPU
	EndGlobalSection
	GlobalSection(ProjectConfigurationPlatforms) = postSolution
		{982CBCB3-E986-4B26-80E0-88206F607C39}.Debug|Any CPU.ActiveCfg = Debug|Any CPU
		{982CBCB3-E986-4B26-80E0-88206F607C39}.Debug|Any CPU.Build.0 = Debug|Any CPU
		{982CBCB3-E986-4B26-80E0-88206F607C39}.Release|Any CPU.ActiveCfg = Release|Any CPU
		{982CBCB3-E986-4B26-80E0-88206F607C39}.Release|Any CPU.Build.0 = Release|Any CPU
	EndGlobalSection
	GlobalSection(SolutionProperties) = preSolution
		HideSolutionNode = FALSE
	EndGlobalSection
	GlobalSection(ExtensibilityGlobals) = postSolution
		SolutionGuid = {B50EBB80-B2AE-43C2-BD0E-AA3A6F7C0E2F}
	EndGlobalSection
EndGlobal
